Microsoft Visual Studio Solution File, Format Version 12.00
# Visual Studio Version 17
VisualStudioVersion = 17.5.2.0
MinimumVisualStudioVersion = 10.0.40219.1
Project("{FAE04EC0-301F-11D3-BF4B-00C04F79EFBC}") = "StickyNote", "StickyNote.csproj", "{5B98E160-18C7-3117-4CE8-4D35C1817355}"
EndProject
Global
	GlobalSection(SolutionConfigurationPlatforms) = preSolution
		Debug|Any CPU = Debug|Any CPU
		Release|Any CPU = Release|Any CPU
	EndGlobalSection
	GlobalSection(ProjectConfigurationPlatforms) = postSolution
		{5B98E160-18C7-3117-4CE8-4D35C1817355}.Debug|Any CPU.ActiveCfg = Debug|Any CPU
		{5B98E160-18C7-3117-4CE8-4D35C1817355}.Debug|Any CPU.Build.0 = Debug|Any CPU
		{5B98E160-18C7-3117-4CE8-4D35C1817355}.Release|Any CPU.ActiveCfg = Release|Any CPU
		{5B98E160-18C7-3117-4CE8-4D35C1817355}.Release|Any CPU.Build.0 = Release|Any CPU
	EndGlobalSection
	GlobalSection(SolutionProperties) = preSolution
		HideSolutionNode = FALSE
	EndGlobalSection
	GlobalSection(ExtensibilityGlobals) = postSolution
		SolutionGuid = {4FB97960-1024-4C83-9C21-6B4924BAC977}
	EndGlobalSection
EndGlobal
